Microsoft Visual Studio Solution File, Format Version 11.00
# Visual Studio 2008

Project("{95FBC172-FEAB-5746-2AC4-A09A75F266C8}") = "Magic Camera", "Assembly-CSharp-vs.csproj", "{C552B443-80BA-34C3-20CE-AD2FD3E50C48}"
EndProject
Global
	GlobalSection(SolutionConfigurationPlatforms) = preSolution
		Debug|Any CPU = Debug|Any CPU
		Release|Any CPU = Release|Any CPU
	EndGlobalSection
	GlobalSection(ProjectConfigurationPlatforms) = postSolution
		{C552B443-80BA-34C3-20CE-AD2FD3E50C48}.Debug|Any CPU.ActiveCfg = Debug|Any CPU
		{C552B443-80BA-34C3-20CE-AD2FD3E50C48}.Debug|Any CPU.Build.0 = Debug|Any CPU
		{C552B443-80BA-34C3-20CE-AD2FD3E50C48}.Release|Any CPU.ActiveCfg = Release|Any CPU
		{C552B443-80BA-34C3-20CE-AD2FD3E50C48}.Release|Any CPU.Build.0 = Release|Any CPU
	EndGlobalSection
	GlobalSection(SolutionProperties) = preSolution
		HideSolutionNode = FALSE
	EndGlobalSection
																		GlobalSection(MonoDevelopProperties) = preSolution
		StartupItem = Assembly-CSharp.csproj
		Policies = $0
		$0.TextStylePolicy = $1
		$1.inheritsSet = null
		$1.scope = text/x-csharp
		$0.CSharpFormattingPolicy = $2
		$2.inheritsSet = Mono
		$2.inheritsScope = text/x-csharp
		$2.scope = text/x-csharp
		$0.TextStylePolicy = $3
		$3.FileWidth = 120
		$3.TabWidth = 4
		$3.IndentWidth = 4
		$3.EolMarker = Unix
		$3.inheritsSet = Mono
		$3.inheritsScope = text/plain
		$3.scope = text/plain
	EndGlobalSection

EndGlobal
